
Microsoft Visual Studio Solution File, Format Version 12.00
# Visual Studio 14
VisualStudioVersion = 14.0.23107.0
MinimumVisualStudioVersion = 10.0.40219.1
Project("{FAE04EC0-301F-11D3-BF4B-00C04F79EFBC}") = "Chat", "Chat\Chat.csproj", "{E7B0EDDD-C77A-4E4C-A4DD-ACC896AB2ED8}"
EndProject
Project("{FAE04EC0-301F-11D3-BF4B-00C04F79EFBC}") = "Loja", "Loja\Loja.csproj", "{881765FD-A949-408D-AE90-71AC697F45AA}"
EndProject
Project("{FAE04EC0-301F-11D3-BF4B-00C04F79EFBC}") = "Dashboard", "Dashboard\Dashboard.csproj", "{4C653A1B-575A-4D43-8FA9-A4D6F244006B}"
EndProject
Project("{FAE04EC0-301F-11D3-BF4B-00C04F79EFBC}") = "Futebol", "Futebol\Futebol.csproj", "{F65F05F3-92B4-4804-BEBE-3FEDAD6BAF05}"
EndProject
Project("{FAE04EC0-301F-11D3-BF4B-00C04F79EFBC}") = "Placar", "Placar\Placar.csproj", "{B89F6C40-B8B4-447D-909B-17D58C5A9BD1}"
EndProject
Project("{2150E333-8FDC-42A3-9474-1A3956D46DE8}") = "01 - Chat", "01 - Chat", "{DC26C730-3D85-46CD-AA2F-F0E26E7612B9}"
EndProject
Project("{2150E333-8FDC-42A3-9474-1A3956D46DE8}") = "02 - Loja", "02 - Loja", "{6D45258F-E7C4-4560-9EE7-79A50A044ED4}"
EndProject
Project("{2150E333-8FDC-42A3-9474-1A3956D46DE8}") = "03 - Placar", "03 - Placar", "{3E12CD4D-6869-424F-A0FB-A151D4331FE4}"
EndProject
Project("{2150E333-8FDC-42A3-9474-1A3956D46DE8}") = "04 - Brincadeira", "04 - Brincadeira", "{E1BE91CB-8D2B-405A-9BF2-7A50EAE8817F}"
EndProject
Project("{FAE04EC0-301F-11D3-BF4B-00C04F79EFBC}") = "Brincadeira", "Brincadeira\Brincadeira.csproj", "{91F3BCFF-D765-449E-8C74-F29EDB76622D}"
EndProject
Global
	GlobalSection(SolutionConfigurationPlatforms) = preSolution
		Debug|Any CPU = Debug|Any CPU
		Release|Any CPU = Release|Any CPU
	EndGlobalSection
	GlobalSection(ProjectConfigurationPlatforms) = postSolution
		{E7B0EDDD-C77A-4E4C-A4DD-ACC896AB2ED8}.Debug|Any CPU.ActiveCfg = Debug|Any CPU
		{E7B0EDDD-C77A-4E4C-A4DD-ACC896AB2ED8}.Debug|Any CPU.Build.0 = Debug|Any CPU
		{E7B0EDDD-C77A-4E4C-A4DD-ACC896AB2ED8}.Release|Any CPU.ActiveCfg = Release|Any CPU
		{E7B0EDDD-C77A-4E4C-A4DD-ACC896AB2ED8}.Release|Any CPU.Build.0 = Release|Any CPU
		{881765FD-A949-408D-AE90-71AC697F45AA}.Debug|Any CPU.ActiveCfg = Debug|Any CPU
		{881765FD-A949-408D-AE90-71AC697F45AA}.Debug|Any CPU.Build.0 = Debug|Any CPU
		{881765FD-A949-408D-AE90-71AC697F45AA}.Release|Any CPU.ActiveCfg = Release|Any CPU
		{881765FD-A949-408D-AE90-71AC697F45AA}.Release|Any CPU.Build.0 = Release|Any CPU
		{4C653A1B-575A-4D43-8FA9-A4D6F244006B}.Debug|Any CPU.ActiveCfg = Debug|Any CPU
		{4C653A1B-575A-4D43-8FA9-A4D6F244006B}.Debug|Any CPU.Build.0 = Debug|Any CPU
		{4C653A1B-575A-4D43-8FA9-A4D6F244006B}.Release|Any CPU.ActiveCfg = Release|Any CPU
		{4C653A1B-575A-4D43-8FA9-A4D6F244006B}.Release|Any CPU.Build.0 = Release|Any CPU
		{F65F05F3-92B4-4804-BEBE-3FEDAD6BAF05}.Debug|Any CPU.ActiveCfg = Debug|Any CPU
		{F65F05F3-92B4-4804-BEBE-3FEDAD6BAF05}.Debug|Any CPU.Build.0 = Debug|Any CPU
		{F65F05F3-92B4-4804-BEBE-3FEDAD6BAF05}.Release|Any CPU.ActiveCfg = Release|Any CPU
		{F65F05F3-92B4-4804-BEBE-3FEDAD6BAF05}.Release|Any CPU.Build.0 = Release|Any CPU
		{B89F6C40-B8B4-447D-909B-17D58C5A9BD1}.Debug|Any CPU.ActiveCfg = Debug|Any CPU
		{B89F6C40-B8B4-447D-909B-17D58C5A9BD1}.Debug|Any CPU.Build.0 = Debug|Any CPU
		{B89F6C40-B8B4-447D-909B-17D58C5A9BD1}.Release|Any CPU.ActiveCfg = Release|Any CPU
		{B89F6C40-B8B4-447D-909B-17D58C5A9BD1}.Release|Any CPU.Build.0 = Release|Any CPU
		{91F3BCFF-D765-449E-8C74-F29EDB76622D}.Debug|Any CPU.ActiveCfg = Debug|Any CPU
		{91F3BCFF-D765-449E-8C74-F29EDB76622D}.Debug|Any CPU.Build.0 = Debug|Any CPU
		{91F3BCFF-D765-449E-8C74-F29EDB76622D}.Release|Any CPU.ActiveCfg = Release|Any CPU
		{91F3BCFF-D765-449E-8C74-F29EDB76622D}.Release|Any CPU.Build.0 = Release|Any CPU
	EndGlobalSection
	GlobalSection(SolutionProperties) = preSolution
		HideSolutionNode = FALSE
	EndGlobalSection
	GlobalSection(NestedProjects) = preSolution
		{E7B0EDDD-C77A-4E4C-A4DD-ACC896AB2ED8} = {DC26C730-3D85-46CD-AA2F-F0E26E7612B9}
		{881765FD-A949-408D-AE90-71AC697F45AA} = {6D45258F-E7C4-4560-9EE7-79A50A044ED4}
		{4C653A1B-575A-4D43-8FA9-A4D6F244006B} = {6D45258F-E7C4-4560-9EE7-79A50A044ED4}
		{F65F05F3-92B4-4804-BEBE-3FEDAD6BAF05} = {3E12CD4D-6869-424F-A0FB-A151D4331FE4}
		{B89F6C40-B8B4-447D-909B-17D58C5A9BD1} = {3E12CD4D-6869-424F-A0FB-A151D4331FE4}
		{91F3BCFF-D765-449E-8C74-F29EDB76622D} = {E1BE91CB-8D2B-405A-9BF2-7A50EAE8817F}
	EndGlobalSection
EndGlobal
